// !$*UTF8*$!
{
	archiveVersion = 1;
	classes = {
	};
	objectVersion = 56;
	objects = {

/* Begin PBXBuildFile section */
		6934B7BD2BEF079E00D6A901 /* AppDelegate.swift in Sources */ = {isa = PBXBuildFile; fileRef = 6934B7BC2BEF079E00D6A901 /* AppDelegate.swift */; };
		6934B7BF2BEF079E00D6A901 /* SceneDelegate.swift in Sources */ = {isa = PBXBuildFile; fileRef = 6934B7BE2BEF079E00D6A901 /* SceneDelegate.swift */; };
		6934B7C12BEF079E00D6A901 /* ViewController.swift in Sources */ = {isa = PBXBuildFile; fileRef = 6934B7C02BEF079E00D6A901 /* ViewController.swift */; };
		6934B7C42BEF079E00D6A901 /* Base in Resources */ = {isa = PBXBuildFile; fileRef = 6934B7C32BEF079E00D6A901 /* Base */; };
		6934B7C62BEF07A100D6A901 /* Assets.xcassets in Resources */ = {isa = PBXBuildFile; fileRef = 6934B7C52BEF07A100D6A901 /* Assets.xcassets */; };
		6934B7C92BEF07A100D6A901 /* Base in Resources */ = {isa = PBXBuildFile; fileRef = 6934B7C82BEF07A100D6A901 /* Base */; };
		6934B7D12BEF10C600D6A901 /* QuetstionViewController.swift in Sources */ = {isa = PBXBuildFile; fileRef = 6934B7D02BEF10C600D6A901 /* QuetstionViewController.swift */; };
		6934B7D32BEF10F200D6A901 /* ListTableViewController.swift in Sources */ = {isa = PBXBuildFile; fileRef = 6934B7D22BEF10F200D6A901 /* ListTableViewController.swift */; };
		6934B7D82BEF118400D6A901 /* ListTableViewCell.xib in Resources */ = {isa = PBXBuildFile; fileRef = 6934B7D72BEF118400D6A901 /* ListTableViewCell.xib */; };
		6934B7D92BEF118400D6A901 /* ListTableViewCell.swift in Sources */ = {isa = PBXBuildFile; fileRef = 6934B7D62BEF118400D6A901 /* ListTableViewCell.swift */; };
		6934B7DB2BEF126F00D6A901 /* FinishViewController.swift in Sources */ = {isa = PBXBuildFile; fileRef = 6934B7DA2BEF126F00D6A901 /* FinishViewController.swift */; };
		6934B7DD2BEF128A00D6A901 /* AddViewController.swift in Sources */ = {isa = PBXBuildFile; fileRef = 6934B7DC2BEF128A00D6A901 /* AddViewController.swift */; };
/* End PBXBuildFile section */

/* Begin PBXFileReference section */
		6934B7B92BEF079E00D6A901 /* WordList.app */ = {isa = PBXFileReference; explicitFileType = wrapper.application; includeInIndex = 0; path = WordList.app; sourceTree = BUILT_PRODUCTS_DIR; };
		6934B7BC2BEF079E00D6A901 /* AppDelegate.swift */ = {isa = PBXFileReference; lastKnownFileType = sourcecode.swift; path = AppDelegate.swift; sourceTree = "<group>"; };
		6934B7BE2BEF079E00D6A901 /* SceneDelegate.swift */ = {isa = PBXFileReference; lastKnownFileType = sourcecode.swift; path = SceneDelegate.swift; sourceTree = "<group>"; };
		6934B7C02BEF079E00D6A901 /* ViewController.swift */ = {isa = PBXFileReference; lastKnownFileType = sourcecode.swift; path = ViewController.swift; sourceTree = "<group>"; };
		6934B7C32BEF079E00D6A901 /* Base */ = {isa = PBXFileReference; lastKnownFileType = file.storyboard; name = Base; path = Base.lproj/Main.storyboard; sourceTree = "<group>"; };
		6934B7C52BEF07A100D6A901 /* Assets.xcassets */ = {isa = PBXFileReference; lastKnownFileType = folder.assetcatalog; path = Assets.xcassets; sourceTree = "<group>"; };
		6934B7C82BEF07A100D6A901 /* Base */ = {isa = PBXFileReference; lastKnownFileType = file.storyboard; name = Base; path = Base.lproj/LaunchScreen.storyboard; sourceTree = "<group>"; };
		6934B7CA2BEF07A100D6A901 /* Info.plist */ = {isa = PBXFileReference; lastKnownFileType = text.plist.xml; path = Info.plist; sourceTree = "<group>"; };
		6934B7D02BEF10C600D6A901 /* QuetstionViewController.swift */ = {isa = PBXFileReference; lastKnownFileType = sourcecode.swift; path = QuetstionViewController.swift; sourceTree = "<group>"; };
		6934B7D22BEF10F200D6A901 /* ListTableViewController.swift */ = {isa = PBXFileReference; lastKnownFileType = sourcecode.swift; path = ListTableViewController.swift; sourceTree = "<group>"; };
		6934B7D62BEF118400D6A901 /* ListTableViewCell.swift */ = {isa = PBXFileReference; lastKnownFileType = sourcecode.swift; name = ListTableViewCell.swift; path = ../ListTableViewCell.swift; sourceTree = "<group>"; };
		6934B7D72BEF118400D6A901 /* ListTableViewCell.xib */ = {isa = PBXFileReference; lastKnownFileType = file.xib; path = ListTableViewCell.xib; sourceTree = "<group>"; };
		6934B7DA2BEF126F00D6A901 /* FinishViewController.swift */ = {isa = PBXFileReference; lastKnownFileType = sourcecode.swift; path = FinishViewController.swift; sourceTree = "<group>"; };
		6934B7DC2BEF128A00D6A901 /* AddViewController.swift */ = {isa = PBXFileReference; lastKnownFileType = sourcecode.swift; path = AddViewController.swift; sourceTree = "<group>"; };
/* End PBXFileReference section */

/* Begin PBXFrameworksBuildPhase section */
		6934B7B62BEF079E00D6A901 /* Frameworks */ = {
			isa = PBXFrameworksBuildPhase;
			buildActionMask = 2147483647;
			files = (
			);
			runOnlyForDeploymentPostprocessing = 0;
		};
/* End PBXFrameworksBuildPhase section */

/* Begin PBXGroup section */
		6934B7B02BEF079D00D6A901 = {
			isa = PBXGroup;
			children = (
				6934B7BB2BEF079E00D6A901 /* WordList */,
				6934B7BA2BEF079E00D6A901 /* Products */,
			);
			sourceTree = "<group>";
		};
		6934B7BA2BEF079E00D6A901 /* Products */ = {
			isa = PBXGroup;
			children = (
				6934B7B92BEF079E00D6A901 /* WordList.app */,
			);
			name = Products;
			sourceTree = "<group>";
		};
		6934B7BB2BEF079E00D6A901 /* WordList */ = {
			isa = PBXGroup;
			children = (
				6934B7BC2BEF079E00D6A901 /* AppDelegate.swift */,
				6934B7BE2BEF079E00D6A901 /* SceneDelegate.swift */,
				6934B7C02BEF079E00D6A901 /* ViewController.swift */,
				6934B7C22BEF079E00D6A901 /* Main.storyboard */,
				6934B7C52BEF07A100D6A901 /* Assets.xcassets */,
				6934B7C72BEF07A100D6A901 /* LaunchScreen.storyboard */,
				6934B7CA2BEF07A100D6A901 /* Info.plist */,
				6934B7D02BEF10C600D6A901 /* QuetstionViewController.swift */,
				6934B7D22BEF10F200D6A901 /* ListTableViewController.swift */,
				6934B7D62BEF118400D6A901 /* ListTableViewCell.swift */,
				6934B7D72BEF118400D6A901 /* ListTableViewCell.xib */,
				6934B7DA2BEF126F00D6A901 /* FinishViewController.swift */,
				6934B7DC2BEF128A00D6A901 /* AddViewController.swift */,
			);
			path = WordList;
			sourceTree = "<group>";
		};
/* End PBXGroup section */

/* Begin PBXNativeTarget section */
		6934B7B82BEF079E00D6A901 /* WordList */ = {
			isa = PBXNativeTarget;
			buildConfigurationList = 6934B7CD2BEF07A100D6A901 /* Build configuration list for PBXNativeTarget "WordList" */;
			buildPhases = (
				6934B7B52BEF079E00D6A901 /* Sources */,
				6934B7B62BEF079E00D6A901 /* Frameworks */,
				6934B7B72BEF079E00D6A901 /* Resources */,
			);
			buildRules = (
			);
			dependencies = (
			);
			name = WordList;
			productName = WordList;
			productReference = 6934B7B92BEF079E00D6A901 /* WordList.app */;
			productType = "com.apple.product-type.application";
		};
/* End PBXNativeTarget section */

/* Begin PBXProject section */
		6934B7B12BEF079D00D6A901 /* Project object */ = {
			isa = PBXProject;
			attributes = {
				BuildIndependentTargetsInParallel = 1;
				LastSwiftUpdateCheck = 1530;
				LastUpgradeCheck = 1530;
				TargetAttributes = {
					6934B7B82BEF079E00D6A901 = {
						CreatedOnToolsVersion = 15.3;
					};
				};
			};
			buildConfigurationList = 6934B7B42BEF079D00D6A901 /* Build configuration list for PBXProject "WordList" */;
			compatibilityVersion = "Xcode 14.0";
			developmentRegion = en;
			hasScannedForEncodings = 0;
			knownRegions = (
				en,
				Base,
			);
			mainGroup = 6934B7B02BEF079D00D6A901;
			productRefGroup = 6934B7BA2BEF079E00D6A901 /* Products */;
			projectDirPath = "";
			projectRoot = "";
			targets = (
				6934B7B82BEF079E00D6A901 /* WordList */,
			);
		};
/* End PBXProject section */

/* Begin PBXResourcesBuildPhase section */
		6934B7B72BEF079E00D6A901 /* Resources */ = {
			isa = PBXResourcesBuildPhase;
			buildActionMask = 2147483647;
			files = (
				6934B7C62BEF07A100D6A901 /* Assets.xcassets in Resources */,
				6934B7D82BEF118400D6A901 /* ListTableViewCell.xib in Resources */,
				6934B7C92BEF07A100D6A901 /* Base in Resources */,
				6934B7C42BEF079E00D6A901 /* Base in Resources */,
			);
			runOnlyForDeploymentPostprocessing = 0;
		};
/* End PBXResourcesBuildPhase section */

/* Begin PBXSourcesBuildPhase section */
		6934B7B52BEF079E00D6A901 /* Sources */ = {
			isa = PBXSourcesBuildPhase;
			buildActionMask = 2147483647;
			files = (
				6934B7C12BEF079E00D6A901 /* ViewController.swift in Sources */,
				6934B7BD2BEF079E00D6A901 /* AppDelegate.swift in Sources */,
				6934B7DD2BEF128A00D6A901 /* AddViewController.swift in Sources */,
				6934B7D12BEF10C600D6A901 /* QuetstionViewController.swift in Sources */,
				6934B7DB2BEF126F00D6A901 /* FinishViewController.swift in Sources */,
				6934B7BF2BEF079E00D6A901 /* SceneDelegate.swift in Sources */,
				6934B7D32BEF10F200D6A901 /* ListTableViewController.swift in Sources */,
				6934B7D92BEF118400D6A901 /* ListTableViewCell.swift in Sources */,
			);
			runOnlyForDeploymentPostprocessing = 0;
		};
/* End PBXSourcesBuildPhase section */

/* Begin PBXVariantGroup section */
		6934B7C22BEF079E00D6A901 /* Main.storyboard */ = {
			isa = PBXVariantGroup;
			children = (
				6934B7C32BEF079E00D6A901 /* Base */,
			);
			name = Main.storyboard;
			sourceTree = "<group>";
		};
		6934B7C72BEF07A100D6A901 /* LaunchScreen.storyboard */ = {
			isa = PBXVariantGroup;
			children = (
				6934B7C82BEF07A100D6A901 /* Base */,
			);
			name = LaunchScreen.storyboard;
			sourceTree = "<group>";
		};
/* End PBXVariantGroup section */

/* Begin XCBuildConfiguration section */
		6934B7CB2BEF07A100D6A901 /* Debug */ = {
			isa = XCBuildConfiguration;
			buildSettings = {
				ALWAYS_SEARCH_USER_PATHS = NO;
				ASSETCATALOG_COMPILER_GENERATE_SWIFT_ASSET_SYMBOL_EXTENSIONS = YES;
				CLANG_ANALYZER_NONNULL = YES;
				CLANG_ANALYZER_NUMBER_OBJECT_CONVERSION = YES_AGGRESSIVE;
				CLANG_CXX_LANGUAGE_STANDARD = "gnu++20";
				CLANG_ENABLE_MODULES = YES;
				CLANG_ENABLE_OBJC_ARC = YES;
				CLANG_ENABLE_OBJC_WEAK = YES;
				CLANG_WARN_BLOCK_CAPTURE_AUTORELEASING = YES;
				CLANG_WARN_BOOL_CONVERSION = YES;
				CLANG_WARN_COMMA = YES;
				CLANG_WARN_CONSTANT_CONVERSION = YES;
				CLANG_WARN_DEPRECATED_OBJC_IMPLEMENTATIONS = YES;
				CLANG_WARN_DIRECT_OBJC_ISA_USAGE = YES_ERROR;
				CLANG_WARN_DOCUMENTATION_COMMENTS = YES;
				CLANG_WARN_EMPTY_BODY = YES;
				CLANG_WARN_ENUM_CONVERSION = YES;
				CLANG_WARN_INFINITE_RECURSION = YES;
				CLANG_WARN_INT_CONVERSION = YES;
				CLANG_WARN_NON_LITERAL_NULL_CONVERSION = YES;
				CLANG_WARN_OBJC_IMPLICIT_RETAIN_SELF = YES;
				CLANG_WARN_OBJC_LITERAL_CONVERSION = YES;
				CLANG_WARN_OBJC_ROOT_CLASS = YES_ERROR;
				CLANG_WARN_QUOTED_INCLUDE_IN_FRAMEWORK_HEADER = YES;
				CLANG_WARN_RANGE_LOOP_ANALYSIS = YES;
				CLANG_WARN_STRICT_PROTOTYPES = YES;
				CLANG_WARN_SUSPICIOUS_MOVE = YES;
				CLANG_WARN_UNGUARDED_AVAILABILITY = YES_AGGRESSIVE;
				CLANG_WARN_UNREACHABLE_CODE = YES;
				CLANG_WARN__DUPLICATE_METHOD_MATCH = YES;
				COPY_PHASE_STRIP = NO;
				DEBUG_INFORMATION_FORMAT = dwarf;
				ENABLE_STRICT_OBJC_MSGSEND = YES;
				ENABLE_TESTABILITY = YES;
				ENABLE_USER_SCRIPT_SANDBOXING = YES;
				GCC_C_LANGUAGE_STANDARD = gnu17;
				GCC_DYNAMIC_NO_PIC = NO;
				GCC_NO_COMMON_BLOCKS = YES;
				GCC_OPTIMIZATION_LEVEL = 0;
				GCC_PREPROCESSOR_DEFINITIONS = (
					"DEBUG=1",
					"$(inherited)",
				);
				GCC_WARN_64_TO_32_BIT_CONVERSION = YES;
				GCC_WARN_ABOUT_RETURN_TYPE = YES_ERROR;
				GCC_WARN_UNDECLARED_SELECTOR = YES;
				GCC_WARN_UNINITIALIZED_AUTOS = YES_AGGRESSIVE;
				GCC_WARN_UNUSED_FUNCTION = YES;
				GCC_WARN_UNUSED_VARIABLE = YES;
				IPHONEOS_DEPLOYMENT_TARGET = 17.4;
				LOCALIZATION_PREFERS_STRING_CATALOGS = YES;
				MTL_ENABLE_DEBUG_INFO = INCLUDE_SOURCE;
				MTL_FAST_MATH = YES;
				ONLY_ACTIVE_ARCH = YES;
				SDKROOT = iphoneos;
				SWIFT_ACTIVE_COMPILATION_CONDITIONS = "DEBUG $(inherited)";
				SWIFT_OPTIMIZATION_LEVEL = "-Onone";
			};
			name = Debug;
		};
		6934B7CC2BEF07A100D6A901 /* Release */ = {
			isa = XCBuildConfiguration;
			buildSettings = {
				ALWAYS_SEARCH_USER_PATHS = NO;
				ASSETCATALOG_COMPILER_GENERATE_SWIFT_ASSET_SYMBOL_EXTENSIONS = YES;
				CLANG_ANALYZER_NONNULL = YES;
				CLANG_ANALYZER_NUMBER_OBJECT_CONVERSION = YES_AGGRESSIVE;
				CLANG_CXX_LANGUAGE_STANDARD = "gnu++20";
				CLANG_ENABLE_MODULES = YES;
				CLANG_ENABLE_OBJC_ARC = YES;
				CLANG_ENABLE_OBJC_WEAK = YES;
				CLANG_WARN_BLOCK_CAPTURE_AUTORELEASING = YES;
				CLANG_WARN_BOOL_CONVERSION = YES;
				CLANG_WARN_COMMA = YES;
				CLANG_WARN_CONSTANT_CONVERSION = YES;
				CLANG_WARN_DEPRECATED_OBJC_IMPLEMENTATIONS = YES;
				CLANG_WARN_DIRECT_OBJC_ISA_USAGE = YES_ERROR;
				CLANG_WARN_DOCUMENTATION_COMMENTS = YES;
				CLANG_WARN_EMPTY_BODY = YES;
				CLANG_WARN_ENUM_CONVERSION = YES;
				CLANG_WARN_INFINITE_RECURSION = YES;
				CLANG_WARN_INT_CONVERSION = YES;
				CLANG_WARN_NON_LITERAL_NULL_CONVERSION = YES;
				CLANG_WARN_OBJC_IMPLICIT_RETAIN_SELF = YES;
				CLANG_WARN_OBJC_LITERAL_CONVERSION = YES;
				CLANG_WARN_OBJC_ROOT_CLASS = YES_ERROR;
				CLANG_WARN_QUOTED_INCLUDE_IN_FRAMEWORK_HEADER = YES;
				CLANG_WARN_RANGE_LOOP_ANALYSIS = YES;
				CLANG_WARN_STRICT_PROTOTYPES = YES;
				CLANG_WARN_SUSPICIOUS_MOVE = YES;
				CLANG_WARN_UNGUARDED_AVAILABILITY = YES_AGGRESSIVE;
				CLANG_WARN_UNREACHABLE_CODE = YES;
				CLANG_WARN__DUPLICATE_METHOD_MATCH = YES;
				COPY_PHASE_STRIP = NO;
				DEBUG_INFORMATION_FORMAT = "dwarf-with-dsym";
				ENABLE_NS_ASSERTIONS = NO;
				ENABLE_STRICT_OBJC_MSGSEND = YES;
				ENABLE_USER_SCRIPT_SANDBOXING = YES;
				GCC_C_LANGUAGE_STANDARD = gnu17;
				GCC_NO_COMMON_BLOCKS = YES;
				GCC_WARN_64_TO_32_BIT_CONVERSION = YES;
				GCC_WARN_ABOUT_RETURN_TYPE = YES_ERROR;
				GCC_WARN_UNDECLARED_SELECTOR = YES;
				GCC_WARN_UNINITIALIZED_AUTOS = YES_AGGRESSIVE;
				GCC_WARN_UNUSED_FUNCTION = YES;
				GCC_WARN_UNUSED_VARIABLE = YES;
				IPHONEOS_DEPLOYMENT_TARGET = 17.4;
				LOCALIZATION_PREFERS_STRING_CATALOGS = YES;
				MTL_ENABLE_DEBUG_INFO = NO;
				MTL_FAST_MATH = YES;
				SDKROOT = iphoneos;
				SWIFT_COMPILATION_MODE = wholemodule;
				VALIDATE_PRODUCT = YES;
			};
			name = Release;
		};
		6934B7CE2BEF07A100D6A901 /* Debug */ = {
			isa = XCBuildConfiguration;
			buildSettings = {
				ASSETCATALOG_COMPILER_APPICON_NAME = AppIcon;
				ASSETCATALOG_COMPILER_GLOBAL_ACCENT_COLOR_NAME = AccentColor;
				CODE_SIGN_STYLE = Automatic;
				CURRENT_PROJECT_VERSION = 1;
				GENERATE_INFOPLIST_FILE = YES;
				INFOPLIST_FILE = WordList/Info.plist;
				INFOPLIST_KEY_UIApplicationSupportsIndirectInputEvents = YES;
				INFOPLIST_KEY_UILaunchStoryboardName = LaunchScreen;
				INFOPLIST_KEY_UIMainStoryboardFile = Main;
				INFOPLIST_KEY_UISupportedInterfaceOrientations_iPad = "UIInterfaceOrientationPortrait UIInterfaceOrientationPortraitUpsideDown UIInterfaceOrientationLandscapeLeft UIInterfaceOrientationLandscapeRight";
				INFOPLIST_KEY_UISupportedInterfaceOrientations_iPhone = "UIInterfaceOrientationPortrait UIInterfaceOrientationLandscapeLeft UIInterfaceOrientationLandscapeRight";
				LD_RUNPATH_SEARCH_PATHS = (
					"$(inherited)",
					"@executable_path/Frameworks",
				);
				MARKETING_VERSION = 1.0;
				PRODUCT_BUNDLE_IDENTIFIER = app.Fukano.Fukka.WordList;
				PRODUCT_NAME = "$(TARGET_NAME)";
				SWIFT_EMIT_LOC_STRINGS = YES;
				SWIFT_VERSION = 5.0;
				TARGETED_DEVICE_FAMILY = "1,2";
			};
			name = Debug;
		};
		6934B7CF2BEF07A100D6A901 /* Release */ = {
			isa = XCBuildConfiguration;
			buildSettings = {
				ASSETCATALOG_COMPILER_APPICON_NAME = AppIcon;
				ASSETCATALOG_COMPILER_GLOBAL_ACCENT_COLOR_NAME = AccentColor;
				CODE_SIGN_STYLE = Automatic;
				CURRENT_PROJECT_VERSION = 1;
				GENERATE_INFOPLIST_FILE = YES;
				INFOPLIST_FILE = WordList/Info.plist;
				INFOPLIST_KEY_UIApplicationSupportsIndirectInputEvents = YES;
				INFOPLIST_KEY_UILaunchStoryboardName = LaunchScreen;
				INFOPLIST_KEY_UIMainStoryboardFile = Main;
				INFOPLIST_KEY_UISupportedInterfaceOrientations_iPad = "UIInterfaceOrientationPortrait UIInterfaceOrientationPortraitUpsideDown UIInterfaceOrientationLandscapeLeft UIInterfaceOrientationLandscapeRight";
				INFOPLIST_KEY_UISupportedInterfaceOrientations_iPhone = "UIInterfaceOrientationPortrait UIInterfaceOrientationLandscapeLeft UIInterfaceOrientationLandscapeRight";
				LD_RUNPATH_SEARCH_PATHS = (
					"$(inherited)",
					"@executable_path/Frameworks",
				);
				MARKETING_VERSION = 1.0;
				PRODUCT_BUNDLE_IDENTIFIER = app.Fukano.Fukka.WordList;
				PRODUCT_NAME = "$(TARGET_NAME)";
				SWIFT_EMIT_LOC_STRINGS = YES;
				SWIFT_VERSION = 5.0;
				TARGETED_DEVICE_FAMILY = "1,2";
			};
			name = Release;
		};
/* End XCBuildConfiguration section */

/* Begin XCConfigurationList section */
		6934B7B42BEF079D00D6A901 /* Build configuration list for PBXProject "WordList" */ = {
			isa = XCConfigurationList;
			buildConfigurations = (
				6934B7CB2BEF07A100D6A901 /* Debug */,
				6934B7CC2BEF07A100D6A901 /* Release */,
			);
			defaultConfigurationIsVisible = 0;
			defaultConfigurationName = Release;
		};
		6934B7CD2BEF07A100D6A901 /* Build configuration list for PBXNativeTarget "WordList" */ = {
			isa = XCConfigurationList;
			buildConfigurations = (
				6934B7CE2BEF07A100D6A901 /* Debug */,
				6934B7CF2BEF07A100D6A901 /* Release */,
			);
			defaultConfigurationIsVisible = 0;
			defaultConfigurationName = Release;
		};
/* End XCConfigurationList section */
	};
	rootObject = 6934B7B12BEF079D00D6A901 /* Project object */;
}
