// !$*UTF8*$!
{
	archiveVersion = 1;
	classes = {
	};
	objectVersion = 56;
	objects = {

/* Begin PBXBuildFile section */
		6934B76A2BEEFDDD00D6A901 /* AppDelegate.swift in Sources */ = {isa = PBXBuildFile; fileRef = 6934B7692BEEFDDD00D6A901 /* AppDelegate.swift */; };
		6934B76C2BEEFDDD00D6A901 /* SceneDelegate.swift in Sources */ = {isa = PBXBuildFile; fileRef = 6934B76B2BEEFDDD00D6A901 /* SceneDelegate.swift */; };
		6934B76E2BEEFDDD00D6A901 /* ViewController.swift in Sources */ = {isa = PBXBuildFile; fileRef = 6934B76D2BEEFDDD00D6A901 /* ViewController.swift */; };
		6934B7712BEEFDDD00D6A901 /* Base in Resources */ = {isa = PBXBuildFile; fileRef = 6934B7702BEEFDDD00D6A901 /* Base */; };
		6934B7732BEEFDE000D6A901 /* Assets.xcassets in Resources */ = {isa = PBXBuildFile; fileRef = 6934B7722BEEFDE000D6A901 /* Assets.xcassets */; };
		6934B7762BEEFDE000D6A901 /* Base in Resources */ = {isa = PBXBuildFile; fileRef = 6934B7752BEEFDE000D6A901 /* Base */; };
		6934B7972BEEFE1B00D6A901 /* bgBlue.png in Resources */ = {isa = PBXBuildFile; fileRef = 6934B77D2BEEFE1B00D6A901 /* bgBlue.png */; };
		6934B7982BEEFE1B00D6A901 /* bgGreen.png in Resources */ = {isa = PBXBuildFile; fileRef = 6934B77E2BEEFE1B00D6A901 /* bgGreen.png */; };
		6934B7992BEEFE1B00D6A901 /* bgRed.png in Resources */ = {isa = PBXBuildFile; fileRef = 6934B77F2BEEFE1B00D6A901 /* bgRed.png */; };
		6934B79A2BEEFE1B00D6A901 /* gacha.png in Resources */ = {isa = PBXBuildFile; fileRef = 6934B7802BEEFE1B00D6A901 /* gacha.png */; };
		6934B79B2BEEFE1B00D6A901 /* Presentbox.png in Resources */ = {isa = PBXBuildFile; fileRef = 6934B7812BEEFE1B00D6A901 /* Presentbox.png */; };
		6934B79C2BEEFE1B00D6A901 /* 2DGame.png in Resources */ = {isa = PBXBuildFile; fileRef = 6934B7832BEEFE1B00D6A901 /* 2DGame.png */; };
		6934B79D2BEEFE1B00D6A901 /* android.png in Resources */ = {isa = PBXBuildFile; fileRef = 6934B7842BEEFE1B00D6A901 /* android.png */; };
		6934B79E2BEEFE1B00D6A901 /* animation.png in Resources */ = {isa = PBXBuildFile; fileRef = 6934B7852BEEFE1B00D6A901 /* animation.png */; };
		6934B79F2BEEFE1B00D6A901 /* camera.png in Resources */ = {isa = PBXBuildFile; fileRef = 6934B7862BEEFE1B00D6A901 /* camera.png */; };
		6934B7A02BEEFE1B00D6A901 /* designer.png in Resources */ = {isa = PBXBuildFile; fileRef = 6934B7872BEEFE1B00D6A901 /* designer.png */; };
		6934B7A12BEEFE1B00D6A901 /* digitalMusic.png in Resources */ = {isa = PBXBuildFile; fileRef = 6934B7882BEEFE1B00D6A901 /* digitalMusic.png */; };
		6934B7A22BEEFE1B00D6A901 /* IoTMesh.png in Resources */ = {isa = PBXBuildFile; fileRef = 6934B7892BEEFE1B00D6A901 /* IoTMesh.png */; };
		6934B7A32BEEFE1B00D6A901 /* iphone.png in Resources */ = {isa = PBXBuildFile; fileRef = 6934B78A2BEEFE1B00D6A901 /* iphone.png */; };
		6934B7A42BEEFE1B00D6A901 /* line.png in Resources */ = {isa = PBXBuildFile; fileRef = 6934B78B2BEEFE1B00D6A901 /* line.png */; };
		6934B7A52BEEFE1B00D6A901 /* maya.png in Resources */ = {isa = PBXBuildFile; fileRef = 6934B78C2BEEFE1B00D6A901 /* maya.png */; };
		6934B7A62BEEFE1B00D6A901 /* mediaArt.png in Resources */ = {isa = PBXBuildFile; fileRef = 6934B78D2BEEFE1B00D6A901 /* mediaArt.png */; };
		6934B7A72BEEFE1B00D6A901 /* miku.png in Resources */ = {isa = PBXBuildFile; fileRef = 6934B78E2BEEFE1B00D6A901 /* miku.png */; };
		6934B7A82BEEFE1B00D6A901 /* minecraft.png in Resources */ = {isa = PBXBuildFile; fileRef = 6934B78F2BEEFE1B00D6A901 /* minecraft.png */; };
		6934B7A92BEEFE1B00D6A901 /* movie.png in Resources */ = {isa = PBXBuildFile; fileRef = 6934B7902BEEFE1B00D6A901 /* movie.png */; };
		6934B7AA2BEEFE1B00D6A901 /* README.txt in Resources */ = {isa = PBXBuildFile; fileRef = 6934B7912BEEFE1B00D6A901 /* README.txt */; };
		6934B7AB2BEEFE1B00D6A901 /* unity.png in Resources */ = {isa = PBXBuildFile; fileRef = 6934B7922BEEFE1B00D6A901 /* unity.png */; };
		6934B7AC2BEEFE1B00D6A901 /* webDesign.png in Resources */ = {isa = PBXBuildFile; fileRef = 6934B7932BEEFE1B00D6A901 /* webDesign.png */; };
		6934B7AD2BEEFE1B00D6A901 /* webService.png in Resources */ = {isa = PBXBuildFile; fileRef = 6934B7942BEEFE1B00D6A901 /* webService.png */; };
		6934B7AF2BEF007900D6A901 /* ResultViewController.swift in Sources */ = {isa = PBXBuildFile; fileRef = 6934B7AE2BEF007900D6A901 /* ResultViewController.swift */; };
/* End PBXBuildFile section */

/* Begin PBXFileReference section */
		6934B7662BEEFDDD00D6A901 /* Gacha.app */ = {isa = PBXFileReference; explicitFileType = wrapper.application; includeInIndex = 0; path = Gacha.app; sourceTree = BUILT_PRODUCTS_DIR; };
		6934B7692BEEFDDD00D6A901 /* AppDelegate.swift */ = {isa = PBXFileReference; lastKnownFileType = sourcecode.swift; path = AppDelegate.swift; sourceTree = "<group>"; };
		6934B76B2BEEFDDD00D6A901 /* SceneDelegate.swift */ = {isa = PBXFileReference; lastKnownFileType = sourcecode.swift; path = SceneDelegate.swift; sourceTree = "<group>"; };
		6934B76D2BEEFDDD00D6A901 /* ViewController.swift */ = {isa = PBXFileReference; lastKnownFileType = sourcecode.swift; path = ViewController.swift; sourceTree = "<group>"; };
		6934B7702BEEFDDD00D6A901 /* Base */ = {isa = PBXFileReference; lastKnownFileType = file.storyboard; name = Base; path = Base.lproj/Main.storyboard; sourceTree = "<group>"; };
		6934B7722BEEFDE000D6A901 /* Assets.xcassets */ = {isa = PBXFileReference; lastKnownFileType = folder.assetcatalog; path = Assets.xcassets; sourceTree = "<group>"; };
		6934B7752BEEFDE000D6A901 /* Base */ = {isa = PBXFileReference; lastKnownFileType = file.storyboard; name = Base; path = Base.lproj/LaunchScreen.storyboard; sourceTree = "<group>"; };
		6934B7772BEEFDE000D6A901 /* Info.plist */ = {isa = PBXFileReference; lastKnownFileType = text.plist.xml; path = Info.plist; sourceTree = "<group>"; };
		6934B77D2BEEFE1B00D6A901 /* bgBlue.png */ = {isa = PBXFileReference; lastKnownFileType = image.png; path = bgBlue.png; sourceTree = "<group>"; };
		6934B77E2BEEFE1B00D6A901 /* bgGreen.png */ = {isa = PBXFileReference; lastKnownFileType = image.png; path = bgGreen.png; sourceTree = "<group>"; };
		6934B77F2BEEFE1B00D6A901 /* bgRed.png */ = {isa = PBXFileReference; lastKnownFileType = image.png; path = bgRed.png; sourceTree = "<group>"; };
		6934B7802BEEFE1B00D6A901 /* gacha.png */ = {isa = PBXFileReference; lastKnownFileType = image.png; path = gacha.png; sourceTree = "<group>"; };
		6934B7812BEEFE1B00D6A901 /* Presentbox.png */ = {isa = PBXFileReference; lastKnownFileType = image.png; path = Presentbox.png; sourceTree = "<group>"; };
		6934B7832BEEFE1B00D6A901 /* 2DGame.png */ = {isa = PBXFileReference; lastKnownFileType = image.png; path = 2DGame.png; sourceTree = "<group>"; };
		6934B7842BEEFE1B00D6A901 /* android.png */ = {isa = PBXFileReference; lastKnownFileType = image.png; path = android.png; sourceTree = "<group>"; };
		6934B7852BEEFE1B00D6A901 /* animation.png */ = {isa = PBXFileReference; lastKnownFileType = image.png; path = animation.png; sourceTree = "<group>"; };
		6934B7862BEEFE1B00D6A901 /* camera.png */ = {isa = PBXFileReference; lastKnownFileType = image.png; path = camera.png; sourceTree = "<group>"; };
		6934B7872BEEFE1B00D6A901 /* designer.png */ = {isa = PBXFileReference; lastKnownFileType = image.png; path = designer.png; sourceTree = "<group>"; };
		6934B7882BEEFE1B00D6A901 /* digitalMusic.png */ = {isa = PBXFileReference; lastKnownFileType = image.png; path = digitalMusic.png; sourceTree = "<group>"; };
		6934B7892BEEFE1B00D6A901 /* IoTMesh.png */ = {isa = PBXFileReference; lastKnownFileType = image.png; path = IoTMesh.png; sourceTree = "<group>"; };
		6934B78A2BEEFE1B00D6A901 /* iphone.png */ = {isa = PBXFileReference; lastKnownFileType = image.png; path = iphone.png; sourceTree = "<group>"; };
		6934B78B2BEEFE1B00D6A901 /* line.png */ = {isa = PBXFileReference; lastKnownFileType = image.png; path = line.png; sourceTree = "<group>"; };
		6934B78C2BEEFE1B00D6A901 /* maya.png */ = {isa = PBXFileReference; lastKnownFileType = image.png; path = maya.png; sourceTree = "<group>"; };
		6934B78D2BEEFE1B00D6A901 /* mediaArt.png */ = {isa = PBXFileReference; lastKnownFileType = image.png; path = mediaArt.png; sourceTree = "<group>"; };
		6934B78E2BEEFE1B00D6A901 /* miku.png */ = {isa = PBXFileReference; lastKnownFileType = image.png; path = miku.png; sourceTree = "<group>"; };
		6934B78F2BEEFE1B00D6A901 /* minecraft.png */ = {isa = PBXFileReference; lastKnownFileType = image.png; path = minecraft.png; sourceTree = "<group>"; };
		6934B7902BEEFE1B00D6A901 /* movie.png */ = {isa = PBXFileReference; lastKnownFileType = image.png; path = movie.png; sourceTree = "<group>"; };
		6934B7912BEEFE1B00D6A901 /* README.txt */ = {isa = PBXFileReference; fileEncoding = 4; lastKnownFileType = text; path = README.txt; sourceTree = "<group>"; };
		6934B7922BEEFE1B00D6A901 /* unity.png */ = {isa = PBXFileReference; lastKnownFileType = image.png; path = unity.png; sourceTree = "<group>"; };
		6934B7932BEEFE1B00D6A901 /* webDesign.png */ = {isa = PBXFileReference; lastKnownFileType = image.png; path = webDesign.png; sourceTree = "<group>"; };
		6934B7942BEEFE1B00D6A901 /* webService.png */ = {isa = PBXFileReference; lastKnownFileType = image.png; path = webService.png; sourceTree = "<group>"; };
		6934B7AE2BEF007900D6A901 /* ResultViewController.swift */ = {isa = PBXFileReference; lastKnownFileType = sourcecode.swift; path = ResultViewController.swift; sourceTree = "<group>"; };
/* End PBXFileReference section */

/* Begin PBXFrameworksBuildPhase section */
		6934B7632BEEFDDD00D6A901 /* Frameworks */ = {
			isa = PBXFrameworksBuildPhase;
			buildActionMask = 2147483647;
			files = (
			);
			runOnlyForDeploymentPostprocessing = 0;
		};
/* End PBXFrameworksBuildPhase section */

/* Begin PBXGroup section */
		6934B75D2BEEFDDD00D6A901 = {
			isa = PBXGroup;
			children = (
				6934B7682BEEFDDD00D6A901 /* Gacha */,
				6934B7672BEEFDDD00D6A901 /* Products */,
			);
			sourceTree = "<group>";
		};
		6934B7672BEEFDDD00D6A901 /* Products */ = {
			isa = PBXGroup;
			children = (
				6934B7662BEEFDDD00D6A901 /* Gacha.app */,
			);
			name = Products;
			sourceTree = "<group>";
		};
		6934B7682BEEFDDD00D6A901 /* Gacha */ = {
			isa = PBXGroup;
			children = (
				6934B7692BEEFDDD00D6A901 /* AppDelegate.swift */,
				6934B76B2BEEFDDD00D6A901 /* SceneDelegate.swift */,
				6934B76D2BEEFDDD00D6A901 /* ViewController.swift */,
				6934B76F2BEEFDDD00D6A901 /* Main.storyboard */,
				6934B7962BEEFE1B00D6A901 /* GachaResources */,
				6934B7722BEEFDE000D6A901 /* Assets.xcassets */,
				6934B7742BEEFDE000D6A901 /* LaunchScreen.storyboard */,
				6934B7772BEEFDE000D6A901 /* Info.plist */,
				6934B7AE2BEF007900D6A901 /* ResultViewController.swift */,
			);
			path = Gacha;
			sourceTree = "<group>";
		};
		6934B7822BEEFE1B00D6A901 /* background */ = {
			isa = PBXGroup;
			children = (
				6934B77D2BEEFE1B00D6A901 /* bgBlue.png */,
				6934B77E2BEEFE1B00D6A901 /* bgGreen.png */,
				6934B77F2BEEFE1B00D6A901 /* bgRed.png */,
				6934B7802BEEFE1B00D6A901 /* gacha.png */,
				6934B7812BEEFE1B00D6A901 /* Presentbox.png */,
			);
			path = background;
			sourceTree = "<group>";
		};
		6934B7952BEEFE1B00D6A901 /* character */ = {
			isa = PBXGroup;
			children = (
				6934B7832BEEFE1B00D6A901 /* 2DGame.png */,
				6934B7842BEEFE1B00D6A901 /* android.png */,
				6934B7852BEEFE1B00D6A901 /* animation.png */,
				6934B7862BEEFE1B00D6A901 /* camera.png */,
				6934B7872BEEFE1B00D6A901 /* designer.png */,
				6934B7882BEEFE1B00D6A901 /* digitalMusic.png */,
				6934B7892BEEFE1B00D6A901 /* IoTMesh.png */,
				6934B78A2BEEFE1B00D6A901 /* iphone.png */,
				6934B78B2BEEFE1B00D6A901 /* line.png */,
				6934B78C2BEEFE1B00D6A901 /* maya.png */,
				6934B78D2BEEFE1B00D6A901 /* mediaArt.png */,
				6934B78E2BEEFE1B00D6A901 /* miku.png */,
				6934B78F2BEEFE1B00D6A901 /* minecraft.png */,
				6934B7902BEEFE1B00D6A901 /* movie.png */,
				6934B7912BEEFE1B00D6A901 /* README.txt */,
				6934B7922BEEFE1B00D6A901 /* unity.png */,
				6934B7932BEEFE1B00D6A901 /* webDesign.png */,
				6934B7942BEEFE1B00D6A901 /* webService.png */,
			);
			path = character;
			sourceTree = "<group>";
		};
		6934B7962BEEFE1B00D6A901 /* GachaResources */ = {
			isa = PBXGroup;
			children = (
				6934B7822BEEFE1B00D6A901 /* background */,
				6934B7952BEEFE1B00D6A901 /* character */,
			);
			path = GachaResources;
			sourceTree = "<group>";
		};
/* End PBXGroup section */

/* Begin PBXNativeTarget section */
		6934B7652BEEFDDD00D6A901 /* Gacha */ = {
			isa = PBXNativeTarget;
			buildConfigurationList = 6934B77A2BEEFDE000D6A901 /* Build configuration list for PBXNativeTarget "Gacha" */;
			buildPhases = (
				6934B7622BEEFDDD00D6A901 /* Sources */,
				6934B7632BEEFDDD00D6A901 /* Frameworks */,
				6934B7642BEEFDDD00D6A901 /* Resources */,
			);
			buildRules = (
			);
			dependencies = (
			);
			name = Gacha;
			productName = Gacha;
			productReference = 6934B7662BEEFDDD00D6A901 /* Gacha.app */;
			productType = "com.apple.product-type.application";
		};
/* End PBXNativeTarget section */

/* Begin PBXProject section */
		6934B75E2BEEFDDD00D6A901 /* Project object */ = {
			isa = PBXProject;
			attributes = {
				BuildIndependentTargetsInParallel = 1;
				LastSwiftUpdateCheck = 1530;
				LastUpgradeCheck = 1530;
				TargetAttributes = {
					6934B7652BEEFDDD00D6A901 = {
						CreatedOnToolsVersion = 15.3;
					};
				};
			};
			buildConfigurationList = 6934B7612BEEFDDD00D6A901 /* Build configuration list for PBXProject "Gacha" */;
			compatibilityVersion = "Xcode 14.0";
			developmentRegion = en;
			hasScannedForEncodings = 0;
			knownRegions = (
				en,
				Base,
			);
			mainGroup = 6934B75D2BEEFDDD00D6A901;
			productRefGroup = 6934B7672BEEFDDD00D6A901 /* Products */;
			projectDirPath = "";
			projectRoot = "";
			targets = (
				6934B7652BEEFDDD00D6A901 /* Gacha */,
			);
		};
/* End PBXProject section */

/* Begin PBXResourcesBuildPhase section */
		6934B7642BEEFDDD00D6A901 /* Resources */ = {
			isa = PBXResourcesBuildPhase;
			buildActionMask = 2147483647;
			files = (
				6934B7A42BEEFE1B00D6A901 /* line.png in Resources */,
				6934B7AC2BEEFE1B00D6A901 /* webDesign.png in Resources */,
				6934B7AD2BEEFE1B00D6A901 /* webService.png in Resources */,
				6934B7A72BEEFE1B00D6A901 /* miku.png in Resources */,
				6934B7A82BEEFE1B00D6A901 /* minecraft.png in Resources */,
				6934B7A32BEEFE1B00D6A901 /* iphone.png in Resources */,
				6934B7A02BEEFE1B00D6A901 /* designer.png in Resources */,
				6934B7992BEEFE1B00D6A901 /* bgRed.png in Resources */,
				6934B7AA2BEEFE1B00D6A901 /* README.txt in Resources */,
				6934B79C2BEEFE1B00D6A901 /* 2DGame.png in Resources */,
				6934B7A62BEEFE1B00D6A901 /* mediaArt.png in Resources */,
				6934B79A2BEEFE1B00D6A901 /* gacha.png in Resources */,
				6934B79D2BEEFE1B00D6A901 /* android.png in Resources */,
				6934B79E2BEEFE1B00D6A901 /* animation.png in Resources */,
				6934B7A22BEEFE1B00D6A901 /* IoTMesh.png in Resources */,
				6934B7A92BEEFE1B00D6A901 /* movie.png in Resources */,
				6934B7732BEEFDE000D6A901 /* Assets.xcassets in Resources */,
				6934B79B2BEEFE1B00D6A901 /* Presentbox.png in Resources */,
				6934B7A52BEEFE1B00D6A901 /* maya.png in Resources */,
				6934B7762BEEFDE000D6A901 /* Base in Resources */,
				6934B7982BEEFE1B00D6A901 /* bgGreen.png in Resources */,
				6934B7972BEEFE1B00D6A901 /* bgBlue.png in Resources */,
				6934B79F2BEEFE1B00D6A901 /* camera.png in Resources */,
				6934B7AB2BEEFE1B00D6A901 /* unity.png in Resources */,
				6934B7A12BEEFE1B00D6A901 /* digitalMusic.png in Resources */,
				6934B7712BEEFDDD00D6A901 /* Base in Resources */,
			);
			runOnlyForDeploymentPostprocessing = 0;
		};
/* End PBXResourcesBuildPhase section */

/* Begin PBXSourcesBuildPhase section */
		6934B7622BEEFDDD00D6A901 /* Sources */ = {
			isa = PBXSourcesBuildPhase;
			buildActionMask = 2147483647;
			files = (
				6934B76E2BEEFDDD00D6A901 /* ViewController.swift in Sources */,
				6934B76A2BEEFDDD00D6A901 /* AppDelegate.swift in Sources */,
				6934B76C2BEEFDDD00D6A901 /* SceneDelegate.swift in Sources */,
				6934B7AF2BEF007900D6A901 /* ResultViewController.swift in Sources */,
			);
			runOnlyForDeploymentPostprocessing = 0;
		};
/* End PBXSourcesBuildPhase section */

/* Begin PBXVariantGroup section */
		6934B76F2BEEFDDD00D6A901 /* Main.storyboard */ = {
			isa = PBXVariantGroup;
			children = (
				6934B7702BEEFDDD00D6A901 /* Base */,
			);
			name = Main.storyboard;
			sourceTree = "<group>";
		};
		6934B7742BEEFDE000D6A901 /* LaunchScreen.storyboard */ = {
			isa = PBXVariantGroup;
			children = (
				6934B7752BEEFDE000D6A901 /* Base */,
			);
			name = LaunchScreen.storyboard;
			sourceTree = "<group>";
		};
/* End PBXVariantGroup section */

/* Begin XCBuildConfiguration section */
		6934B7782BEEFDE000D6A901 /* Debug */ = {
			isa = XCBuildConfiguration;
			buildSettings = {
				ALWAYS_SEARCH_USER_PATHS = NO;
				ASSETCATALOG_COMPILER_GENERATE_SWIFT_ASSET_SYMBOL_EXTENSIONS = YES;
				CLANG_ANALYZER_NONNULL = YES;
				CLANG_ANALYZER_NUMBER_OBJECT_CONVERSION = YES_AGGRESSIVE;
				CLANG_CXX_LANGUAGE_STANDARD = "gnu++20";
				CLANG_ENABLE_MODULES = YES;
				CLANG_ENABLE_OBJC_ARC = YES;
				CLANG_ENABLE_OBJC_WEAK = YES;
				CLANG_WARN_BLOCK_CAPTURE_AUTORELEASING = YES;
				CLANG_WARN_BOOL_CONVERSION = YES;
				CLANG_WARN_COMMA = YES;
				CLANG_WARN_CONSTANT_CONVERSION = YES;
				CLANG_WARN_DEPRECATED_OBJC_IMPLEMENTATIONS = YES;
				CLANG_WARN_DIRECT_OBJC_ISA_USAGE = YES_ERROR;
				CLANG_WARN_DOCUMENTATION_COMMENTS = YES;
				CLANG_WARN_EMPTY_BODY = YES;
				CLANG_WARN_ENUM_CONVERSION = YES;
				CLANG_WARN_INFINITE_RECURSION = YES;
				CLANG_WARN_INT_CONVERSION = YES;
				CLANG_WARN_NON_LITERAL_NULL_CONVERSION = YES;
				CLANG_WARN_OBJC_IMPLICIT_RETAIN_SELF = YES;
				CLANG_WARN_OBJC_LITERAL_CONVERSION = YES;
				CLANG_WARN_OBJC_ROOT_CLASS = YES_ERROR;
				CLANG_WARN_QUOTED_INCLUDE_IN_FRAMEWORK_HEADER = YES;
				CLANG_WARN_RANGE_LOOP_ANALYSIS = YES;
				CLANG_WARN_STRICT_PROTOTYPES = YES;
				CLANG_WARN_SUSPICIOUS_MOVE = YES;
				CLANG_WARN_UNGUARDED_AVAILABILITY = YES_AGGRESSIVE;
				CLANG_WARN_UNREACHABLE_CODE = YES;
				CLANG_WARN__DUPLICATE_METHOD_MATCH = YES;
				COPY_PHASE_STRIP = NO;
				DEBUG_INFORMATION_FORMAT = dwarf;
				ENABLE_STRICT_OBJC_MSGSEND = YES;
				ENABLE_TESTABILITY = YES;
				ENABLE_USER_SCRIPT_SANDBOXING = YES;
				GCC_C_LANGUAGE_STANDARD = gnu17;
				GCC_DYNAMIC_NO_PIC = NO;
				GCC_NO_COMMON_BLOCKS = YES;
				GCC_OPTIMIZATION_LEVEL = 0;
				GCC_PREPROCESSOR_DEFINITIONS = (
					"DEBUG=1",
					"$(inherited)",
				);
				GCC_WARN_64_TO_32_BIT_CONVERSION = YES;
				GCC_WARN_ABOUT_RETURN_TYPE = YES_ERROR;
				GCC_WARN_UNDECLARED_SELECTOR = YES;
				GCC_WARN_UNINITIALIZED_AUTOS = YES_AGGRESSIVE;
				GCC_WARN_UNUSED_FUNCTION = YES;
				GCC_WARN_UNUSED_VARIABLE = YES;
				IPHONEOS_DEPLOYMENT_TARGET = 17.4;
				LOCALIZATION_PREFERS_STRING_CATALOGS = YES;
				MTL_ENABLE_DEBUG_INFO = INCLUDE_SOURCE;
				MTL_FAST_MATH = YES;
				ONLY_ACTIVE_ARCH = YES;
				SDKROOT = iphoneos;
				SWIFT_ACTIVE_COMPILATION_CONDITIONS = "DEBUG $(inherited)";
				SWIFT_OPTIMIZATION_LEVEL = "-Onone";
			};
			name = Debug;
		};
		6934B7792BEEFDE000D6A901 /* Release */ = {
			isa = XCBuildConfiguration;
			buildSettings = {
				ALWAYS_SEARCH_USER_PATHS = NO;
				ASSETCATALOG_COMPILER_GENERATE_SWIFT_ASSET_SYMBOL_EXTENSIONS = YES;
				CLANG_ANALYZER_NONNULL = YES;
				CLANG_ANALYZER_NUMBER_OBJECT_CONVERSION = YES_AGGRESSIVE;
				CLANG_CXX_LANGUAGE_STANDARD = "gnu++20";
				CLANG_ENABLE_MODULES = YES;
				CLANG_ENABLE_OBJC_ARC = YES;
				CLANG_ENABLE_OBJC_WEAK = YES;
				CLANG_WARN_BLOCK_CAPTURE_AUTORELEASING = YES;
				CLANG_WARN_BOOL_CONVERSION = YES;
				CLANG_WARN_COMMA = YES;
				CLANG_WARN_CONSTANT_CONVERSION = YES;
				CLANG_WARN_DEPRECATED_OBJC_IMPLEMENTATIONS = YES;
				CLANG_WARN_DIRECT_OBJC_ISA_USAGE = YES_ERROR;
				CLANG_WARN_DOCUMENTATION_COMMENTS = YES;
				CLANG_WARN_EMPTY_BODY = YES;
				CLANG_WARN_ENUM_CONVERSION = YES;
				CLANG_WARN_INFINITE_RECURSION = YES;
				CLANG_WARN_INT_CONVERSION = YES;
				CLANG_WARN_NON_LITERAL_NULL_CONVERSION = YES;
				CLANG_WARN_OBJC_IMPLICIT_RETAIN_SELF = YES;
				CLANG_WARN_OBJC_LITERAL_CONVERSION = YES;
				CLANG_WARN_OBJC_ROOT_CLASS = YES_ERROR;
				CLANG_WARN_QUOTED_INCLUDE_IN_FRAMEWORK_HEADER = YES;
				CLANG_WARN_RANGE_LOOP_ANALYSIS = YES;
				CLANG_WARN_STRICT_PROTOTYPES = YES;
				CLANG_WARN_SUSPICIOUS_MOVE = YES;
				CLANG_WARN_UNGUARDED_AVAILABILITY = YES_AGGRESSIVE;
				CLANG_WARN_UNREACHABLE_CODE = YES;
				CLANG_WARN__DUPLICATE_METHOD_MATCH = YES;
				COPY_PHASE_STRIP = NO;
				DEBUG_INFORMATION_FORMAT = "dwarf-with-dsym";
				ENABLE_NS_ASSERTIONS = NO;
				ENABLE_STRICT_OBJC_MSGSEND = YES;
				ENABLE_USER_SCRIPT_SANDBOXING = YES;
				GCC_C_LANGUAGE_STANDARD = gnu17;
				GCC_NO_COMMON_BLOCKS = YES;
				GCC_WARN_64_TO_32_BIT_CONVERSION = YES;
				GCC_WARN_ABOUT_RETURN_TYPE = YES_ERROR;
				GCC_WARN_UNDECLARED_SELECTOR = YES;
				GCC_WARN_UNINITIALIZED_AUTOS = YES_AGGRESSIVE;
				GCC_WARN_UNUSED_FUNCTION = YES;
				GCC_WARN_UNUSED_VARIABLE = YES;
				IPHONEOS_DEPLOYMENT_TARGET = 17.4;
				LOCALIZATION_PREFERS_STRING_CATALOGS = YES;
				MTL_ENABLE_DEBUG_INFO = NO;
				MTL_FAST_MATH = YES;
				SDKROOT = iphoneos;
				SWIFT_COMPILATION_MODE = wholemodule;
				VALIDATE_PRODUCT = YES;
			};
			name = Release;
		};
		6934B77B2BEEFDE000D6A901 /* Debug */ = {
			isa = XCBuildConfiguration;
			buildSettings = {
				ASSETCATALOG_COMPILER_APPICON_NAME = AppIcon;
				ASSETCATALOG_COMPILER_GLOBAL_ACCENT_COLOR_NAME = AccentColor;
				CODE_SIGN_STYLE = Automatic;
				CURRENT_PROJECT_VERSION = 1;
				GENERATE_INFOPLIST_FILE = YES;
				INFOPLIST_FILE = Gacha/Info.plist;
				INFOPLIST_KEY_UIApplicationSupportsIndirectInputEvents = YES;
				INFOPLIST_KEY_UILaunchStoryboardName = LaunchScreen;
				INFOPLIST_KEY_UIMainStoryboardFile = Main;
				INFOPLIST_KEY_UISupportedInterfaceOrientations_iPad = "UIInterfaceOrientationPortrait UIInterfaceOrientationPortraitUpsideDown UIInterfaceOrientationLandscapeLeft UIInterfaceOrientationLandscapeRight";
				INFOPLIST_KEY_UISupportedInterfaceOrientations_iPhone = "UIInterfaceOrientationPortrait UIInterfaceOrientationLandscapeLeft UIInterfaceOrientationLandscapeRight";
				LD_RUNPATH_SEARCH_PATHS = (
					"$(inherited)",
					"@executable_path/Frameworks",
				);
				MARKETING_VERSION = 1.0;
				PRODUCT_BUNDLE_IDENTIFIER = app.Fukano.Fukka.Gacha;
				PRODUCT_NAME = "$(TARGET_NAME)";
				SWIFT_EMIT_LOC_STRINGS = YES;
				SWIFT_VERSION = 5.0;
				TARGETED_DEVICE_FAMILY = "1,2";
			};
			name = Debug;
		};
		6934B77C2BEEFDE000D6A901 /* Release */ = {
			isa = XCBuildConfiguration;
			buildSettings = {
				ASSETCATALOG_COMPILER_APPICON_NAME = AppIcon;
				ASSETCATALOG_COMPILER_GLOBAL_ACCENT_COLOR_NAME = AccentColor;
				CODE_SIGN_STYLE = Automatic;
				CURRENT_PROJECT_VERSION = 1;
				GENERATE_INFOPLIST_FILE = YES;
				INFOPLIST_FILE = Gacha/Info.plist;
				INFOPLIST_KEY_UIApplicationSupportsIndirectInputEvents = YES;
				INFOPLIST_KEY_UILaunchStoryboardName = LaunchScreen;
				INFOPLIST_KEY_UIMainStoryboardFile = Main;
				INFOPLIST_KEY_UISupportedInterfaceOrientations_iPad = "UIInterfaceOrientationPortrait UIInterfaceOrientationPortraitUpsideDown UIInterfaceOrientationLandscapeLeft UIInterfaceOrientationLandscapeRight";
				INFOPLIST_KEY_UISupportedInterfaceOrientations_iPhone = "UIInterfaceOrientationPortrait UIInterfaceOrientationLandscapeLeft UIInterfaceOrientationLandscapeRight";
				LD_RUNPATH_SEARCH_PATHS = (
					"$(inherited)",
					"@executable_path/Frameworks",
				);
				MARKETING_VERSION = 1.0;
				PRODUCT_BUNDLE_IDENTIFIER = app.Fukano.Fukka.Gacha;
				PRODUCT_NAME = "$(TARGET_NAME)";
				SWIFT_EMIT_LOC_STRINGS = YES;
				SWIFT_VERSION = 5.0;
				TARGETED_DEVICE_FAMILY = "1,2";
			};
			name = Release;
		};
/* End XCBuildConfiguration section */

/* Begin XCConfigurationList section */
		6934B7612BEEFDDD00D6A901 /* Build configuration list for PBXProject "Gacha" */ = {
			isa = XCConfigurationList;
			buildConfigurations = (
				6934B7782BEEFDE000D6A901 /* Debug */,
				6934B7792BEEFDE000D6A901 /* Release */,
			);
			defaultConfigurationIsVisible = 0;
			defaultConfigurationName = Release;
		};
		6934B77A2BEEFDE000D6A901 /* Build configuration list for PBXNativeTarget "Gacha" */ = {
			isa = XCConfigurationList;
			buildConfigurations = (
				6934B77B2BEEFDE000D6A901 /* Debug */,
				6934B77C2BEEFDE000D6A901 /* Release */,
			);
			defaultConfigurationIsVisible = 0;
			defaultConfigurationName = Release;
		};
/* End XCConfigurationList section */
	};
	rootObject = 6934B75E2BEEFDDD00D6A901 /* Project object */;
}
